
Microsoft Visual Studio Solution File, Format Version 12.00
# Visual Studio 15
VisualStudioVersion = 15.0.28307.1062
MinimumVisualStudioVersion = 10.0.40219.1
Project("{9A19103F-16F7-4668-BE54-9A1E7A4F7556}") = "MyBasket.Domain", "MyBasket.Domain\MyBasket.Domain.csproj", "{9606469F-A566-4A84-8EC4-85FD6D8934D9}"
EndProject
Project("{9A19103F-16F7-4668-BE54-9A1E7A4F7556}") = "MyBasket.Application", "MyBasket.Application\MyBasket.Application.csproj", "{9138346F-16DB-40C5-A868-1292D6272CDC}"
EndProject
Project("{9A19103F-16F7-4668-BE54-9A1E7A4F7556}") = "MyBasket.Infrastructure", "MyBasket.Infrastructure\MyBasket.Infrastructure.csproj", "{02241BD9-EA75-4956-AABB-BE31BF1B26B5}"
EndProject
Project("{9A19103F-16F7-4668-BE54-9A1E7A4F7556}") = "MyBasket.Api", "MyBasket.Api\MyBasket.Api.csproj", "{FAF7B9C2-7007-40E1-A723-997D29E198A9}"
EndProject
Project("{9A19103F-16F7-4668-BE54-9A1E7A4F7556}") = "MyBasket.Shared", "MyBasket.Shared\MyBasket.Shared.csproj", "{BCD7A7FF-3DE2-4DDF-A0CE-52D589A6D89E}"
EndProject
Project("{FAE04EC0-301F-11D3-BF4B-00C04F79EFBC}") = "MyBasket.Tests", "MyBasket.Tests\MyBasket.Tests.csproj", "{37D772C7-6B2A-4B00-8E0E-E31B4E5389D0}"
EndProject
Global
	GlobalSection(SolutionConfigurationPlatforms) = preSolution
		Debug|Any CPU = Debug|Any CPU
		Release|Any CPU = Release|Any CPU
	EndGlobalSection
	GlobalSection(ProjectConfigurationPlatforms) = postSolution
		{9606469F-A566-4A84-8EC4-85FD6D8934D9}.Debug|Any CPU.ActiveCfg = Debug|Any CPU
		{9606469F-A566-4A84-8EC4-85FD6D8934D9}.Debug|Any CPU.Build.0 = Debug|Any CPU
		{9606469F-A566-4A84-8EC4-85FD6D8934D9}.Release|Any CPU.ActiveCfg = Release|Any CPU
		{9606469F-A566-4A84-8EC4-85FD6D8934D9}.Release|Any CPU.Build.0 = Release|Any CPU
		{9138346F-16DB-40C5-A868-1292D6272CDC}.Debug|Any CPU.ActiveCfg = Debug|Any CPU
		{9138346F-16DB-40C5-A868-1292D6272CDC}.Debug|Any CPU.Build.0 = Debug|Any CPU
		{9138346F-16DB-40C5-A868-1292D6272CDC}.Release|Any CPU.ActiveCfg = Release|Any CPU
		{9138346F-16DB-40C5-A868-1292D6272CDC}.Release|Any CPU.Build.0 = Release|Any CPU
		{02241BD9-EA75-4956-AABB-BE31BF1B26B5}.Debug|Any CPU.ActiveCfg = Debug|Any CPU
		{02241BD9-EA75-4956-AABB-BE31BF1B26B5}.Debug|Any CPU.Build.0 = Debug|Any CPU
		{02241BD9-EA75-4956-AABB-BE31BF1B26B5}.Release|Any CPU.ActiveCfg = Release|Any CPU
		{02241BD9-EA75-4956-AABB-BE31BF1B26B5}.Release|Any CPU.Build.0 = Release|Any CPU
		{FAF7B9C2-7007-40E1-A723-997D29E198A9}.Debug|Any CPU.ActiveCfg = Debug|Any CPU
		{FAF7B9C2-7007-40E1-A723-997D29E198A9}.Debug|Any CPU.Build.0 = Debug|Any CPU
		{FAF7B9C2-7007-40E1-A723-997D29E198A9}.Release|Any CPU.ActiveCfg = Release|Any CPU
		{FAF7B9C2-7007-40E1-A723-997D29E198A9}.Release|Any CPU.Build.0 = Release|Any CPU
		{BCD7A7FF-3DE2-4DDF-A0CE-52D589A6D89E}.Debug|Any CPU.ActiveCfg = Debug|Any CPU
		{BCD7A7FF-3DE2-4DDF-A0CE-52D589A6D89E}.Debug|Any CPU.Build.0 = Debug|Any CPU
		{BCD7A7FF-3DE2-4DDF-A0CE-52D589A6D89E}.Release|Any CPU.ActiveCfg = Release|Any CPU
		{BCD7A7FF-3DE2-4DDF-A0CE-52D589A6D89E}.Release|Any CPU.Build.0 = Release|Any CPU
		{37D772C7-6B2A-4B00-8E0E-E31B4E5389D0}.Debug|Any CPU.ActiveCfg = Debug|Any CPU
		{37D772C7-6B2A-4B00-8E0E-E31B4E5389D0}.Debug|Any CPU.Build.0 = Debug|Any CPU
		{37D772C7-6B2A-4B00-8E0E-E31B4E5389D0}.Release|Any CPU.ActiveCfg = Release|Any CPU
		{37D772C7-6B2A-4B00-8E0E-E31B4E5389D0}.Release|Any CPU.Build.0 = Release|Any CPU
	EndGlobalSection
	GlobalSection(SolutionProperties) = preSolution
		HideSolutionNode = FALSE
	EndGlobalSection
	GlobalSection(ExtensibilityGlobals) = postSolution
		SolutionGuid = {D14E86B8-39BC-44EC-B72D-FCAB2BFDB384}
	EndGlobalSection
EndGlobal
